
Microsoft Visual Studio Solution File, Format Version 12.00
# Visual Studio 15
VisualStudioVersion = 15.0.28010.2050
MinimumVisualStudioVersion = 10.0.40219.1
Project("{FAE04EC0-301F-11D3-BF4B-00C04F79EFBC}") = "Server", "Server\Server.csproj", "{0491D93B-AFB5-4FD3-9FA0-E8D331176519}"
EndProject
Project("{FAE04EC0-301F-11D3-BF4B-00C04F79EFBC}") = "ClientSender", "ClientSender\ClientSender.csproj", "{657583B7-0BC5-4B88-9ED2-FE5261681372}"
EndProject
Project("{FAE04EC0-301F-11D3-BF4B-00C04F79EFBC}") = "ClientReceiver", "ClientReceiver\ClientReceiver.csproj", "{2854B14C-C10F-4AF2-B405-BC00F4A2308D}"
EndProject
Project("{FAE04EC0-301F-11D3-BF4B-00C04F79EFBC}") = "IRemote", "IRemote\IRemote.csproj", "{77DB453B-28CE-4496-BAFC-223B6263992F}"
EndProject
Project("{FAE04EC0-301F-11D3-BF4B-00C04F79EFBC}") = "MessengerGUI", "MessengerGUI\MessengerGUI.csproj", "{7878DA45-DEAD-4A2C-BB80-FAE4EEB23562}"
EndProject
Global
	GlobalSection(SolutionConfigurationPlatforms) = preSolution
		Debug|Any CPU = Debug|Any CPU
		Release|Any CPU = Release|Any CPU
	EndGlobalSection
	GlobalSection(ProjectConfigurationPlatforms) = postSolution
		{0491D93B-AFB5-4FD3-9FA0-E8D331176519}.Debug|Any CPU.ActiveCfg = Debug|Any CPU
		{0491D93B-AFB5-4FD3-9FA0-E8D331176519}.Debug|Any CPU.Build.0 = Debug|Any CPU
		{0491D93B-AFB5-4FD3-9FA0-E8D331176519}.Release|Any CPU.ActiveCfg = Release|Any CPU
		{0491D93B-AFB5-4FD3-9FA0-E8D331176519}.Release|Any CPU.Build.0 = Release|Any CPU
		{657583B7-0BC5-4B88-9ED2-FE5261681372}.Debug|Any CPU.ActiveCfg = Debug|Any CPU
		{657583B7-0BC5-4B88-9ED2-FE5261681372}.Debug|Any CPU.Build.0 = Debug|Any CPU
		{657583B7-0BC5-4B88-9ED2-FE5261681372}.Release|Any CPU.ActiveCfg = Release|Any CPU
		{657583B7-0BC5-4B88-9ED2-FE5261681372}.Release|Any CPU.Build.0 = Release|Any CPU
		{2854B14C-C10F-4AF2-B405-BC00F4A2308D}.Debug|Any CPU.ActiveCfg = Debug|Any CPU
		{2854B14C-C10F-4AF2-B405-BC00F4A2308D}.Debug|Any CPU.Build.0 = Debug|Any CPU
		{2854B14C-C10F-4AF2-B405-BC00F4A2308D}.Release|Any CPU.ActiveCfg = Release|Any CPU
		{2854B14C-C10F-4AF2-B405-BC00F4A2308D}.Release|Any CPU.Build.0 = Release|Any CPU
		{77DB453B-28CE-4496-BAFC-223B6263992F}.Debug|Any CPU.ActiveCfg = Debug|Any CPU
		{77DB453B-28CE-4496-BAFC-223B6263992F}.Debug|Any CPU.Build.0 = Debug|Any CPU
		{77DB453B-28CE-4496-BAFC-223B6263992F}.Release|Any CPU.ActiveCfg = Release|Any CPU
		{77DB453B-28CE-4496-BAFC-223B6263992F}.Release|Any CPU.Build.0 = Release|Any CPU
		{7878DA45-DEAD-4A2C-BB80-FAE4EEB23562}.Debug|Any CPU.ActiveCfg = Debug|Any CPU
		{7878DA45-DEAD-4A2C-BB80-FAE4EEB23562}.Debug|Any CPU.Build.0 = Debug|Any CPU
		{7878DA45-DEAD-4A2C-BB80-FAE4EEB23562}.Release|Any CPU.ActiveCfg = Release|Any CPU
		{7878DA45-DEAD-4A2C-BB80-FAE4EEB23562}.Release|Any CPU.Build.0 = Release|Any CPU
	EndGlobalSection
	GlobalSection(SolutionProperties) = preSolution
		HideSolutionNode = FALSE
	EndGlobalSection
	GlobalSection(ExtensibilityGlobals) = postSolution
		SolutionGuid = {FEE8943F-2391-4D4D-80BE-18CA607012AA}
	EndGlobalSection
EndGlobal
